version: 1
repositories:
  saad:
    url: https://github.com/HongsinLee/saad.git
    commit: 295121c5d2eed827b5b2d6aa42307de809bdfada
    fetched_at: '2026-07-21T22:40:30.404478+00:00'
    license_file: null
    license_status: absent
    license_evidence: null
  trades:
    url: https://github.com/yaodongyu/TRADES.git
    commit: 6e8e11b7c281371c2f027ffadfbaea80361f09de
    fetched_at: '2026-07-22T06:18:25.185174+00:00'
    license_file: LICENSE
    license_status: verified
    license_evidence:
      sha256: 4b42e38a6899d82801eb6782fe161cccb5d3d685c8bcddc2b877ac9f87161a30
